
Microsoft Visual Studio Solution File, Format Version 12.00
# Visual Studio Version 17
VisualStudioVersion = 17.4.33110.190
MinimumVisualStudioVersion = 10.0.40219.1
Project("{FAE04EC0-301F-11D3-BF4B-00C04F79EFBC}") = "AddressBook", "AddressBook.csproj", "{AEAF2185-E4BA-4091-B61E-22FADB736A0B}"
EndProject
Global
	GlobalSection(SolutionConfigurationPlatforms) = preSolution
		Debug|Any CPU = Debug|Any CPU
		Release|Any CPU = Release|Any CPU
	EndGlobalSection
	GlobalSection(ProjectConfigurationPlatforms) = postSolution
		{AEAF2185-E4BA-4091-B61E-22FADB736A0B}.Debug|Any CPU.ActiveCfg = Debug|Any CPU
		{AEAF2185-E4BA-4091-B61E-22FADB736A0B}.Debug|Any CPU.Build.0 = Debug|Any CPU
		{AEAF2185-E4BA-4091-B61E-22FADB736A0B}.Release|Any CPU.ActiveCfg = Release|Any CPU
		{AEAF2185-E4BA-4091-B61E-22FADB736A0B}.Release|Any CPU.Build.0 = Release|Any CPU
	EndGlobalSection
	GlobalSection(SolutionProperties) = preSolution
		HideSolutionNode = FALSE
	EndGlobalSection
	GlobalSection(ExtensibilityGlobals) = postSolution
		SolutionGuid = {59D3C28C-AF04-455E-AABF-49E490703BD3}
	EndGlobalSection
EndGlobal
